// !$*UTF8*$!
{
	archiveVersion = 1;
	classes = {
	};
	objectVersion = 48;
	objects = {

/* Begin PBXBuildFile section */
		91A45A9F2118F2D6005FC7C8 /* SwiftyJSON.framework in Frameworks */ = {isa = PBXBuildFile; fileRef = 91A45A922118F2CD005FC7C8 /* SwiftyJSON.framework */; };
		91A45AA02118F2D6005FC7C8 /* SwiftyJSON.framework in Embed Frameworks */ = {isa = PBXBuildFile; fileRef = 91A45A922118F2CD005FC7C8 /* SwiftyJSON.framework */; settings = {ATTRIBUTES = (CodeSignOnCopy, RemoveHeadersOnCopy, ); }; };
		91A45AA42118F2DF005FC7C8 /* Alamofire.framework in Frameworks */ = {isa = PBXBuildFile; fileRef = 91A45A792118F298005FC7C8 /* Alamofire.framework */; };
		91A45AA52118F2DF005FC7C8 /* Alamofire.framework in Embed Frameworks */ = {isa = PBXBuildFile; fileRef = 91A45A792118F298005FC7C8 /* Alamofire.framework */; settings = {ATTRIBUTES = (CodeSignOnCopy, RemoveHeadersOnCopy, ); }; };
		91A45AAA2118F4AD005FC7C8 /* TodoAPI.swift in Sources */ = {isa = PBXBuildFile; fileRef = 91A45AA92118F4AD005FC7C8 /* TodoAPI.swift */; };
		91A45AAD2118F5B9005FC7C8 /* TodoEndPoint.swift in Sources */ = {isa = PBXBuildFile; fileRef = 91A45AAC2118F5B9005FC7C8 /* TodoEndPoint.swift */; };
		91A45AB02118F946005FC7C8 /* AboutViewController.swift in Sources */ = {isa = PBXBuildFile; fileRef = 91A45AAF2118F946005FC7C8 /* AboutViewController.swift */; };
		F4C1090E20E8171200623095 /* AppDelegate.swift in Sources */ = {isa = PBXBuildFile; fileRef = F4C1090D20E8171200623095 /* AppDelegate.swift */; };
		F4C1091620E8171200623095 /* MyTodoApp.xcdatamodeld in Sources */ = {isa = PBXBuildFile; fileRef = F4C1091420E8171200623095 /* MyTodoApp.xcdatamodeld */; };
		F4C1091820E8171200623095 /* Assets.xcassets in Resources */ = {isa = PBXBuildFile; fileRef = F4C1091720E8171200623095 /* Assets.xcassets */; };
		F4C1091B20E8171200623095 /* LaunchScreen.storyboard in Resources */ = {isa = PBXBuildFile; fileRef = F4C1091920E8171200623095 /* LaunchScreen.storyboard */; };
		F4C1092820E81AC900623095 /* SignInViewController.swift in Sources */ = {isa = PBXBuildFile; fileRef = F4C1092720E81AC900623095 /* SignInViewController.swift */; };
		F4C1092A20E8299600623095 /* Home.storyboard in Resources */ = {isa = PBXBuildFile; fileRef = F4C1092920E8299600623095 /* Home.storyboard */; };
		F4D6B8392103D8DE003E8478 /* ToDos.storyboard in Resources */ = {isa = PBXBuildFile; fileRef = F4D6B8382103D8DE003E8478 /* ToDos.storyboard */; };
		F4D6B83B2103D962003E8478 /* Notes.storyboard in Resources */ = {isa = PBXBuildFile; fileRef = F4D6B83A2103D962003E8478 /* Notes.storyboard */; };
		F4D6B83F2103DBC9003E8478 /* TodoDetailViewController.swift in Sources */ = {isa = PBXBuildFile; fileRef = F4D6B83E2103DBC9003E8478 /* TodoDetailViewController.swift */; };
		F4D6B8412103DC01003E8478 /* NotesViewController.swift in Sources */ = {isa = PBXBuildFile; fileRef = F4D6B8402103DC01003E8478 /* NotesViewController.swift */; };
		F4D6B8432103DC15003E8478 /* NotesDetailViewController.swift in Sources */ = {isa = PBXBuildFile; fileRef = F4D6B8422103DC15003E8478 /* NotesDetailViewController.swift */; };
		F4E18AD320F155A400EFBC0C /* Authentication.storyboard in Resources */ = {isa = PBXBuildFile; fileRef = F4E18AD220F155A400EFBC0C /* Authentication.storyboard */; };
		F4E18AD520F15C4400EFBC0C /* SignUpViewController.swift in Sources */ = {isa = PBXBuildFile; fileRef = F4E18AD420F15C4400EFBC0C /* SignUpViewController.swift */; };
		F4E18AD920F1634300EFBC0C /* TodosViewController.swift in Sources */ = {isa = PBXBuildFile; fileRef = F4E18AD820F1634300EFBC0C /* TodosViewController.swift */; };
		F4E18ADB20F1654A00EFBC0C /* Todo.swift in Sources */ = {isa = PBXBuildFile; fileRef = F4E18ADA20F1654A00EFBC0C /* Todo.swift */; };
		F4E18ADD20F165C300EFBC0C /* Task.swift in Sources */ = {isa = PBXBuildFile; fileRef = F4E18ADC20F165C300EFBC0C /* Task.swift */; };
		F4E18AE120F1677400EFBC0C /* TodosTableViewCell.swift in Sources */ = {isa = PBXBuildFile; fileRef = F4E18ADF20F1677400EFBC0C /* TodosTableViewCell.swift */; };
		F4E18AE220F1677400EFBC0C /* TodosTableViewCell.xib in Resources */ = {isa = PBXBuildFile; fileRef = F4E18AE020F1677400EFBC0C /* TodosTableViewCell.xib */; };
/* End PBXBuildFile section */

/* Begin PBXContainerItemProxy section */
		91A45A782118F298005FC7C8 /* PBXContainerItemProxy */ = {
			isa = PBXContainerItemProxy;
			containerPortal = 91A45A6D2118F298005FC7C8 /* Alamofire.xcodeproj */;
			proxyType = 2;
			remoteGlobalIDString = F8111E3319A95C8B0040E7D1;
			remoteInfo = "Alamofire iOS";
		};
		91A45A7A2118F298005FC7C8 /* PBXContainerItemProxy */ = {
			isa = PBXContainerItemProxy;
			containerPortal = 91A45A6D2118F298005FC7C8 /* Alamofire.xcodeproj */;
			proxyType = 2;
			remoteGlobalIDString = F8111E3E19A95C8B0040E7D1;
			remoteInfo = "Alamofire iOS Tests";
		};
		91A45A7C2118F298005FC7C8 /* PBXContainerItemProxy */ = {
			isa = PBXContainerItemProxy;
			containerPortal = 91A45A6D2118F298005FC7C8 /* Alamofire.xcodeproj */;
			proxyType = 2;
			remoteGlobalIDString = 4DD67C0B1A5C55C900ED2280;
			remoteInfo = "Alamofire macOS";
		};
		91A45A7E2118F298005FC7C8 /* PBXContainerItemProxy */ = {
			isa = PBXContainerItemProxy;
			containerPortal = 91A45A6D2118F298005FC7C8 /* Alamofire.xcodeproj */;
			proxyType = 2;
			remoteGlobalIDString = F829C6B21A7A94F100A2CD59;
			remoteInfo = "Alamofire macOS Tests";
		};
		91A45A802118F298005FC7C8 /* PBXContainerItemProxy */ = {
			isa = PBXContainerItemProxy;
			containerPortal = 91A45A6D2118F298005FC7C8 /* Alamofire.xcodeproj */;
			proxyType = 2;
			remoteGlobalIDString = 4CF626EF1BA7CB3E0011A099;
			remoteInfo = "Alamofire tvOS";
		};
		91A45A822118F298005FC7C8 /* PBXContainerItemProxy */ = {
			isa = PBXContainerItemProxy;
			containerPortal = 91A45A6D2118F298005FC7C8 /* Alamofire.xcodeproj */;
			proxyType = 2;
			remoteGlobalIDString = 4CF626F81BA7CB3E0011A099;
			remoteInfo = "Alamofire tvOS Tests";
		};
		91A45A842118F298005FC7C8 /* PBXContainerItemProxy */ = {
			isa = PBXContainerItemProxy;
			containerPortal = 91A45A6D2118F298005FC7C8 /* Alamofire.xcodeproj */;
			proxyType = 2;
			remoteGlobalIDString = E4202FE01B667AA100C997FB;
			remoteInfo = "Alamofire watchOS";
		};
		91A45A912118F2CD005FC7C8 /* PBXContainerItemProxy */ = {
			isa = PBXContainerItemProxy;
			containerPortal = 91A45A862118F2CD005FC7C8 /* SwiftyJSON.xcodeproj */;
			proxyType = 2;
			remoteGlobalIDString = 2E4FEFDB19575BE100351305;
			remoteInfo = "SwiftyJSON iOS";
		};
		91A45A932118F2CD005FC7C8 /* PBXContainerItemProxy */ = {
			isa = PBXContainerItemProxy;
			containerPortal = 91A45A862118F2CD005FC7C8 /* SwiftyJSON.xcodeproj */;
			proxyType = 2;
			remoteGlobalIDString = 2E4FEFE619575BE100351305;
			remoteInfo = "SwiftyJSON iOS Tests";
		};
		91A45A952118F2CD005FC7C8 /* PBXContainerItemProxy */ = {
			isa = PBXContainerItemProxy;
			containerPortal = 91A45A862118F2CD005FC7C8 /* SwiftyJSON.xcodeproj */;
			proxyType = 2;
			remoteGlobalIDString = 9C7DFC5B1A9102BD005AA3F7;
			remoteInfo = "SwiftyJSON macOS";
		};
		91A45A972118F2CD005FC7C8 /* PBXContainerItemProxy */ = {
			isa = PBXContainerItemProxy;
			containerPortal = 91A45A862118F2CD005FC7C8 /* SwiftyJSON.xcodeproj */;
			proxyType = 2;
			remoteGlobalIDString = 9C7DFC651A9102BD005AA3F7;
			remoteInfo = "SwiftyJSON macOS Tests";
		};
		91A45A992118F2CD005FC7C8 /* PBXContainerItemProxy */ = {
			isa = PBXContainerItemProxy;
			containerPortal = 91A45A862118F2CD005FC7C8 /* SwiftyJSON.xcodeproj */;
			proxyType = 2;
			remoteGlobalIDString = E4D7CCE81B9465A700EE7221;
			remoteInfo = "SwiftyJSON watchOS";
		};
		91A45A9B2118F2CD005FC7C8 /* PBXContainerItemProxy */ = {
			isa = PBXContainerItemProxy;
			containerPortal = 91A45A862118F2CD005FC7C8 /* SwiftyJSON.xcodeproj */;
			proxyType = 2;
			remoteGlobalIDString = 7236B4F61BAC14150020529B;
			remoteInfo = "SwiftyJSON tvOS";
		};
		91A45A9D2118F2CD005FC7C8 /* PBXContainerItemProxy */ = {
			isa = PBXContainerItemProxy;
			containerPortal = 91A45A862118F2CD005FC7C8 /* SwiftyJSON.xcodeproj */;
			proxyType = 2;
			remoteGlobalIDString = A8580F741BCF5C5B00DA927B;
			remoteInfo = "SwiftyJSON tvOS Tests";
		};
		91A45AA12118F2D6005FC7C8 /* PBXContainerItemProxy */ = {
			isa = PBXContainerItemProxy;
			containerPortal = 91A45A862118F2CD005FC7C8 /* SwiftyJSON.xcodeproj */;
			proxyType = 1;
			remoteGlobalIDString = 2E4FEFDA19575BE100351305;
			remoteInfo = "SwiftyJSON iOS";
		};
		91A45AA62118F2DF005FC7C8 /* PBXContainerItemProxy */ = {
			isa = PBXContainerItemProxy;
			containerPortal = 91A45A6D2118F298005FC7C8 /* Alamofire.xcodeproj */;
			proxyType = 1;
			remoteGlobalIDString = F8111E3219A95C8B0040E7D1;
			remoteInfo = "Alamofire iOS";
		};
/* End PBXContainerItemProxy section */

/* Begin PBXCopyFilesBuildPhase section */
		91A45AA32118F2D6005FC7C8 /* Embed Frameworks */ = {
			isa = PBXCopyFilesBuildPhase;
			buildActionMask = 2147483647;
			dstPath = "";
			dstSubfolderSpec = 10;
			files = (
				91A45AA02118F2D6005FC7C8 /* SwiftyJSON.framework in Embed Frameworks */,
				91A45AA52118F2DF005FC7C8 /* Alamofire.framework in Embed Frameworks */,
			);
			name = "Embed Frameworks";
			runOnlyForDeploymentPostprocessing = 0;
		};
/* End PBXCopyFilesBuildPhase section */

/* Begin PBXFileReference section */
		91A45A6D2118F298005FC7C8 /* Alamofire.xcodeproj */ = {isa = PBXFileReference; lastKnownFileType = "wrapper.pb-project"; name = Alamofire.xcodeproj; path = Alamofire/Alamofire.xcodeproj; sourceTree = "<group>"; };
		91A45A862118F2CD005FC7C8 /* SwiftyJSON.xcodeproj */ = {isa = PBXFileReference; lastKnownFileType = "wrapper.pb-project"; name = SwiftyJSON.xcodeproj; path = SwiftyJSON/SwiftyJSON.xcodeproj; sourceTree = "<group>"; };
		91A45AA92118F4AD005FC7C8 /* TodoAPI.swift */ = {isa = PBXFileReference; lastKnownFileType = sourcecode.swift; path = TodoAPI.swift; sourceTree = "<group>"; };
		91A45AAC2118F5B9005FC7C8 /* TodoEndPoint.swift */ = {isa = PBXFileReference; lastKnownFileType = sourcecode.swift; path = TodoEndPoint.swift; sourceTree = "<group>"; };
		91A45AAF2118F946005FC7C8 /* AboutViewController.swift */ = {isa = PBXFileReference; lastKnownFileType = sourcecode.swift; path = AboutViewController.swift; sourceTree = "<group>"; };
		F4C1090A20E8171200623095 /* MyTodoApp.app */ = {isa = PBXFileReference; explicitFileType = wrapper.application; includeInIndex = 0; path = MyTodoApp.app; sourceTree = BUILT_PRODUCTS_DIR; };
		F4C1090D20E8171200623095 /* AppDelegate.swift */ = {isa = PBXFileReference; lastKnownFileType = sourcecode.swift; path = AppDelegate.swift; sourceTree = "<group>"; };
		F4C1091520E8171200623095 /* MyTodoApp.xcdatamodel */ = {isa = PBXFileReference; lastKnownFileType = wrapper.xcdatamodel; path = MyTodoApp.xcdatamodel; sourceTree = "<group>"; };
		F4C1091720E8171200623095 /* Assets.xcassets */ = {isa = PBXFileReference; lastKnownFileType = folder.assetcatalog; path = Assets.xcassets; sourceTree = "<group>"; };
		F4C1091A20E8171200623095 /* Base */ = {isa = PBXFileReference; lastKnownFileType = file.storyboard; name = Base; path = Base.lproj/LaunchScreen.storyboard; sourceTree = "<group>"; };
		F4C1091C20E8171200623095 /* Info.plist */ = {isa = PBXFileReference; lastKnownFileType = text.plist.xml; path = Info.plist; sourceTree = "<group>"; };
		F4C1092720E81AC900623095 /* SignInViewController.swift */ = {isa = PBXFileReference; lastKnownFileType = sourcecode.swift; path = SignInViewController.swift; sourceTree = "<group>"; };
		F4C1092920E8299600623095 /* Home.storyboard */ = {isa = PBXFileReference; lastKnownFileType = file.storyboard; path = Home.storyboard; sourceTree = "<group>"; };
		F4D6B8382103D8DE003E8478 /* ToDos.storyboard */ = {isa = PBXFileReference; lastKnownFileType = file.storyboard; path = ToDos.storyboard; sourceTree = "<group>"; };
		F4D6B83A2103D962003E8478 /* Notes.storyboard */ = {isa = PBXFileReference; lastKnownFileType = file.storyboard; path = Notes.storyboard; sourceTree = "<group>"; };
		F4D6B83E2103DBC9003E8478 /* TodoDetailViewController.swift */ = {isa = PBXFileReference; lastKnownFileType = sourcecode.swift; path = TodoDetailViewController.swift; sourceTree = "<group>"; };
		F4D6B8402103DC01003E8478 /* NotesViewController.swift */ = {isa = PBXFileReference; lastKnownFileType = sourcecode.swift; path = NotesViewController.swift; sourceTree = "<group>"; };
		F4D6B8422103DC15003E8478 /* NotesDetailViewController.swift */ = {isa = PBXFileReference; lastKnownFileType = sourcecode.swift; path = NotesDetailViewController.swift; sourceTree = "<group>"; };
		F4E18AD220F155A400EFBC0C /* Authentication.storyboard */ = {isa = PBXFileReference; lastKnownFileType = file.storyboard; path = Authentication.storyboard; sourceTree = "<group>"; };
		F4E18AD420F15C4400EFBC0C /* SignUpViewController.swift */ = {isa = PBXFileReference; lastKnownFileType = sourcecode.swift; path = SignUpViewController.swift; sourceTree = "<group>"; };
		F4E18AD820F1634300EFBC0C /* TodosViewController.swift */ = {isa = PBXFileReference; lastKnownFileType = sourcecode.swift; path = TodosViewController.swift; sourceTree = "<group>"; };
		F4E18ADA20F1654A00EFBC0C /* Todo.swift */ = {isa = PBXFileReference; lastKnownFileType = sourcecode.swift; path = Todo.swift; sourceTree = "<group>"; };
		F4E18ADC20F165C300EFBC0C /* Task.swift */ = {isa = PBXFileReference; lastKnownFileType = sourcecode.swift; path = Task.swift; sourceTree = "<group>"; };
		F4E18ADF20F1677400EFBC0C /* TodosTableViewCell.swift */ = {isa = PBXFileReference; lastKnownFileType = sourcecode.swift; path = TodosTableViewCell.swift; sourceTree = "<group>"; };
		F4E18AE020F1677400EFBC0C /* TodosTableViewCell.xib */ = {isa = PBXFileReference; lastKnownFileType = file.xib; path = TodosTableViewCell.xib; sourceTree = "<group>"; };
/* End PBXFileReference section */

/* Begin PBXFrameworksBuildPhase section */
		F4C1090720E8171200623095 /* Frameworks */ = {
			isa = PBXFrameworksBuildPhase;
			buildActionMask = 2147483647;
			files = (
				91A45A9F2118F2D6005FC7C8 /* SwiftyJSON.framework in Frameworks */,
				91A45AA42118F2DF005FC7C8 /* Alamofire.framework in Frameworks */,
			);
			runOnlyForDeploymentPostprocessing = 0;
		};
/* End PBXFrameworksBuildPhase section */

/* Begin PBXGroup section */
		91A45A6E2118F298005FC7C8 /* Products */ = {
			isa = PBXGroup;
			children = (
				91A45A792118F298005FC7C8 /* Alamofire.framework */,
				91A45A7B2118F298005FC7C8 /* Alamofire iOS Tests.xctest */,
				91A45A7D2118F298005FC7C8 /* Alamofire.framework */,
				91A45A7F2118F298005FC7C8 /* Alamofire macOS Tests.xctest */,
				91A45A812118F298005FC7C8 /* Alamofire.framework */,
				91A45A832118F298005FC7C8 /* Alamofire tvOS Tests.xctest */,
				91A45A852118F298005FC7C8 /* Alamofire.framework */,
			);
			name = Products;
			sourceTree = "<group>";
		};
		91A45A872118F2CD005FC7C8 /* Products */ = {
			isa = PBXGroup;
			children = (
				91A45A922118F2CD005FC7C8 /* SwiftyJSON.framework */,
				91A45A942118F2CD005FC7C8 /* SwiftyJSON iOS Tests.xctest */,
				91A45A962118F2CD005FC7C8 /* SwiftyJSON.framework */,
				91A45A982118F2CD005FC7C8 /* SwiftyJSON macOS Tests.xctest */,
				91A45A9A2118F2CD005FC7C8 /* SwiftyJSON.framework */,
				91A45A9C2118F2CD005FC7C8 /* SwiftyJSON.framework */,
				91A45A9E2118F2CD005FC7C8 /* SwiftyJSON tvOS Tests.xctest */,
			);
			name = Products;
			sourceTree = "<group>";
		};
		91A45AA82118F48B005FC7C8 /* Network */ = {
			isa = PBXGroup;
			children = (
				91A45AAB2118F4E8005FC7C8 /* v1.0 */,
			);
			path = Network;
			sourceTree = "<group>";
		};
		91A45AAB2118F4E8005FC7C8 /* v1.0 */ = {
			isa = PBXGroup;
			children = (
				91A45AA92118F4AD005FC7C8 /* TodoAPI.swift */,
				91A45AAC2118F5B9005FC7C8 /* TodoEndPoint.swift */,
			);
			path = v1.0;
			sourceTree = "<group>";
		};
		91A45AAE2118F936005FC7C8 /* Home */ = {
			isa = PBXGroup;
			children = (
				91A45AAF2118F946005FC7C8 /* AboutViewController.swift */,
			);
			path = Home;
			sourceTree = "<group>";
		};
		F4C1090120E8171200623095 = {
			isa = PBXGroup;
			children = (
				91A45A862118F2CD005FC7C8 /* SwiftyJSON.xcodeproj */,
				91A45A6D2118F298005FC7C8 /* Alamofire.xcodeproj */,
				F4C1090C20E8171200623095 /* MyTodoApp */,
				F4C1090B20E8171200623095 /* Products */,
			);
			sourceTree = "<group>";
		};
		F4C1090B20E8171200623095 /* Products */ = {
			isa = PBXGroup;
			children = (
				F4C1090A20E8171200623095 /* MyTodoApp.app */,
			);
			name = Products;
			sourceTree = "<group>";
		};
		F4C1090C20E8171200623095 /* MyTodoApp */ = {
			isa = PBXGroup;
			children = (
				91A45AA82118F48B005FC7C8 /* Network */,
				F4C1092520E8199000623095 /* Models */,
				F4C1092420E8198200623095 /* Views */,
				F4C1092320E8197500623095 /* Controllers */,
				F4C1092220E8195400623095 /* Storyboard */,
				F4C1090D20E8171200623095 /* AppDelegate.swift */,
				F4C1091720E8171200623095 /* Assets.xcassets */,
				F4C1091920E8171200623095 /* LaunchScreen.storyboard */,
				F4C1091C20E8171200623095 /* Info.plist */,
				F4C1091420E8171200623095 /* MyTodoApp.xcdatamodeld */,
			);
			path = MyTodoApp;
			sourceTree = "<group>";
		};
		F4C1092220E8195400623095 /* Storyboard */ = {
			isa = PBXGroup;
			children = (
				F4C1092920E8299600623095 /* Home.storyboard */,
				F4E18AD220F155A400EFBC0C /* Authentication.storyboard */,
				F4D6B8382103D8DE003E8478 /* ToDos.storyboard */,
				F4D6B83A2103D962003E8478 /* Notes.storyboard */,
			);
			path = Storyboard;
			sourceTree = "<group>";
		};
		F4C1092320E8197500623095 /* Controllers */ = {
			isa = PBXGroup;
			children = (
				91A45AAE2118F936005FC7C8 /* Home */,
				F4D6B83D2103DB7D003E8478 /* Notes */,
				F4D6B83C2103DA8E003E8478 /* ToDos */,
				F4E18AD620F162FB00EFBC0C /* Authentication */,
			);
			path = Controllers;
			sourceTree = "<group>";
		};
		F4C1092420E8198200623095 /* Views */ = {
			isa = PBXGroup;
			children = (
				F4E18ADE20F1673200EFBC0C /* TodosTableCell */,
			);
			path = Views;
			sourceTree = "<group>";
		};
		F4C1092520E8199000623095 /* Models */ = {
			isa = PBXGroup;
			children = (
				F4E18ADA20F1654A00EFBC0C /* Todo.swift */,
				F4E18ADC20F165C300EFBC0C /* Task.swift */,
			);
			path = Models;
			sourceTree = "<group>";
		};
		F4D6B83C2103DA8E003E8478 /* ToDos */ = {
			isa = PBXGroup;
			children = (
				F4E18AD820F1634300EFBC0C /* TodosViewController.swift */,
				F4D6B83E2103DBC9003E8478 /* TodoDetailViewController.swift */,
			);
			path = ToDos;
			sourceTree = "<group>";
		};
		F4D6B83D2103DB7D003E8478 /* Notes */ = {
			isa = PBXGroup;
			children = (
				F4D6B8402103DC01003E8478 /* NotesViewController.swift */,
				F4D6B8422103DC15003E8478 /* NotesDetailViewController.swift */,
			);
			path = Notes;
			sourceTree = "<group>";
		};
		F4E18AD620F162FB00EFBC0C /* Authentication */ = {
			isa = PBXGroup;
			children = (
				F4C1092720E81AC900623095 /* SignInViewController.swift */,
				F4E18AD420F15C4400EFBC0C /* SignUpViewController.swift */,
			);
			path = Authentication;
			sourceTree = "<group>";
		};
		F4E18ADE20F1673200EFBC0C /* TodosTableCell */ = {
			isa = PBXGroup;
			children = (
				F4E18ADF20F1677400EFBC0C /* TodosTableViewCell.swift */,
				F4E18AE020F1677400EFBC0C /* TodosTableViewCell.xib */,
			);
			path = TodosTableCell;
			sourceTree = "<group>";
		};
/* End PBXGroup section */

/* Begin PBXNativeTarget section */
		F4C1090920E8171200623095 /* MyTodoApp */ = {
			isa = PBXNativeTarget;
			buildConfigurationList = F4C1091F20E8171200623095 /* Build configuration list for PBXNativeTarget "MyTodoApp" */;
			buildPhases = (
				F4C1090620E8171200623095 /* Sources */,
				F4C1090720E8171200623095 /* Frameworks */,
				F4C1090820E8171200623095 /* Resources */,
				91A45AA32118F2D6005FC7C8 /* Embed Frameworks */,
			);
			buildRules = (
			);
			dependencies = (
				91A45AA22118F2D6005FC7C8 /* PBXTargetDependency */,
				91A45AA72118F2DF005FC7C8 /* PBXTargetDependency */,
			);
			name = MyTodoApp;
			productName = MyTodoApp;
			productReference = F4C1090A20E8171200623095 /* MyTodoApp.app */;
			productType = "com.apple.product-type.application";
		};
/* End PBXNativeTarget section */

/* Begin PBXProject section */
		F4C1090220E8171200623095 /* Project object */ = {
			isa = PBXProject;
			attributes = {
				LastSwiftUpdateCheck = 0920;
				LastUpgradeCheck = 0920;
				ORGANIZATIONNAME = Doapps;
				TargetAttributes = {
					F4C1090920E8171200623095 = {
						CreatedOnToolsVersion = 9.2;
						ProvisioningStyle = Automatic;
					};
				};
			};
			buildConfigurationList = F4C1090520E8171200623095 /* Build configuration list for PBXProject "MyTodoApp" */;
			compatibilityVersion = "Xcode 8.0";
			developmentRegion = en;
			hasScannedForEncodings = 0;
			knownRegions = (
				en,
				Base,
			);
			mainGroup = F4C1090120E8171200623095;
			productRefGroup = F4C1090B20E8171200623095 /* Products */;
			projectDirPath = "";
			projectReferences = (
				{
					ProductGroup = 91A45A6E2118F298005FC7C8 /* Products */;
					ProjectRef = 91A45A6D2118F298005FC7C8 /* Alamofire.xcodeproj */;
				},
				{
					ProductGroup = 91A45A872118F2CD005FC7C8 /* Products */;
					ProjectRef = 91A45A862118F2CD005FC7C8 /* SwiftyJSON.xcodeproj */;
				},
			);
			projectRoot = "";
			targets = (
				F4C1090920E8171200623095 /* MyTodoApp */,
			);
		};
/* End PBXProject section */

/* Begin PBXReferenceProxy section */
		91A45A792118F298005FC7C8 /* Alamofire.framework */ = {
			isa = PBXReferenceProxy;
			fileType = wrapper.framework;
			path = Alamofire.framework;
			remoteRef = 91A45A782118F298005FC7C8 /* PBXContainerItemProxy */;
			sourceTree = BUILT_PRODUCTS_DIR;
		};
		91A45A7B2118F298005FC7C8 /* Alamofire iOS Tests.xctest */ = {
			isa = PBXReferenceProxy;
			fileType = wrapper.cfbundle;
			path = "Alamofire iOS Tests.xctest";
			remoteRef = 91A45A7A2118F298005FC7C8 /* PBXContainerItemProxy */;
			sourceTree = BUILT_PRODUCTS_DIR;
		};
		91A45A7D2118F298005FC7C8 /* Alamofire.framework */ = {
			isa = PBXReferenceProxy;
			fileType = wrapper.framework;
			path = Alamofire.framework;
			remoteRef = 91A45A7C2118F298005FC7C8 /* PBXContainerItemProxy */;
			sourceTree = BUILT_PRODUCTS_DIR;
		};
		91A45A7F2118F298005FC7C8 /* Alamofire macOS Tests.xctest */ = {
			isa = PBXReferenceProxy;
			fileType = wrapper.cfbundle;
			path = "Alamofire macOS Tests.xctest";
			remoteRef = 91A45A7E2118F298005FC7C8 /* PBXContainerItemProxy */;
			sourceTree = BUILT_PRODUCTS_DIR;
		};
		91A45A812118F298005FC7C8 /* Alamofire.framework */ = {
			isa = PBXReferenceProxy;
			fileType = wrapper.framework;
			path = Alamofire.framework;
			remoteRef = 91A45A802118F298005FC7C8 /* PBXContainerItemProxy */;
			sourceTree = BUILT_PRODUCTS_DIR;
		};
		91A45A832118F298005FC7C8 /* Alamofire tvOS Tests.xctest */ = {
			isa = PBXReferenceProxy;
			fileType = wrapper.cfbundle;
			path = "Alamofire tvOS Tests.xctest";
			remoteRef = 91A45A822118F298005FC7C8 /* PBXContainerItemProxy */;
			sourceTree = BUILT_PRODUCTS_DIR;
		};
		91A45A852118F298005FC7C8 /* Alamofire.framework */ = {
			isa = PBXReferenceProxy;
			fileType = wrapper.framework;
			path = Alamofire.framework;
			remoteRef = 91A45A842118F298005FC7C8 /* PBXContainerItemProxy */;
			sourceTree = BUILT_PRODUCTS_DIR;
		};
		91A45A922118F2CD005FC7C8 /* SwiftyJSON.framework */ = {
			isa = PBXReferenceProxy;
			fileType = wrapper.framework;
			path = SwiftyJSON.framework;
			remoteRef = 91A45A912118F2CD005FC7C8 /* PBXContainerItemProxy */;
			sourceTree = BUILT_PRODUCTS_DIR;
		};
		91A45A942118F2CD005FC7C8 /* SwiftyJSON iOS Tests.xctest */ = {
			isa = PBXReferenceProxy;
			fileType = wrapper.cfbundle;
			path = "SwiftyJSON iOS Tests.xctest";
			remoteRef = 91A45A932118F2CD005FC7C8 /* PBXContainerItemProxy */;
			sourceTree = BUILT_PRODUCTS_DIR;
		};
		91A45A962118F2CD005FC7C8 /* SwiftyJSON.framework */ = {
			isa = PBXReferenceProxy;
			fileType = wrapper.framework;
			path = SwiftyJSON.framework;
			remoteRef = 91A45A952118F2CD005FC7C8 /* PBXContainerItemProxy */;
			sourceTree = BUILT_PRODUCTS_DIR;
		};
		91A45A982118F2CD005FC7C8 /* SwiftyJSON macOS Tests.xctest */ = {
			isa = PBXReferenceProxy;
			fileType = wrapper.cfbundle;
			path = "SwiftyJSON macOS Tests.xctest";
			remoteRef = 91A45A972118F2CD005FC7C8 /* PBXContainerItemProxy */;
			sourceTree = BUILT_PRODUCTS_DIR;
		};
		91A45A9A2118F2CD005FC7C8 /* SwiftyJSON.framework */ = {
			isa = PBXReferenceProxy;
			fileType = wrapper.framework;
			path = SwiftyJSON.framework;
			remoteRef = 91A45A992118F2CD005FC7C8 /* PBXContainerItemProxy */;
			sourceTree = BUILT_PRODUCTS_DIR;
		};
		91A45A9C2118F2CD005FC7C8 /* SwiftyJSON.framework */ = {
			isa = PBXReferenceProxy;
			fileType = wrapper.framework;
			path = SwiftyJSON.framework;
			remoteRef = 91A45A9B2118F2CD005FC7C8 /* PBXContainerItemProxy */;
			sourceTree = BUILT_PRODUCTS_DIR;
		};
		91A45A9E2118F2CD005FC7C8 /* SwiftyJSON tvOS Tests.xctest */ = {
			isa = PBXReferenceProxy;
			fileType = wrapper.cfbundle;
			path = "SwiftyJSON tvOS Tests.xctest";
			remoteRef = 91A45A9D2118F2CD005FC7C8 /* PBXContainerItemProxy */;
			sourceTree = BUILT_PRODUCTS_DIR;
		};
/* End PBXReferenceProxy section */

/* Begin PBXResourcesBuildPhase section */
		F4C1090820E8171200623095 /* Resources */ = {
			isa = PBXResourcesBuildPhase;
			buildActionMask = 2147483647;
			files = (
				F4E18AD320F155A400EFBC0C /* Authentication.storyboard in Resources */,
				F4D6B83B2103D962003E8478 /* Notes.storyboard in Resources */,
				F4C1091B20E8171200623095 /* LaunchScreen.storyboard in Resources */,
				F4C1091820E8171200623095 /* Assets.xcassets in Resources */,
				F4E18AE220F1677400EFBC0C /* TodosTableViewCell.xib in Resources */,
				F4D6B8392103D8DE003E8478 /* ToDos.storyboard in Resources */,
				F4C1092A20E8299600623095 /* Home.storyboard in Resources */,
			);
			runOnlyForDeploymentPostprocessing = 0;
		};
/* End PBXResourcesBuildPhase section */

/* Begin PBXSourcesBuildPhase section */
		F4C1090620E8171200623095 /* Sources */ = {
			isa = PBXSourcesBuildPhase;
			buildActionMask = 2147483647;
			files = (
				91A45AAA2118F4AD005FC7C8 /* TodoAPI.swift in Sources */,
				F4C1091620E8171200623095 /* MyTodoApp.xcdatamodeld in Sources */,
				91A45AAD2118F5B9005FC7C8 /* TodoEndPoint.swift in Sources */,
				F4E18ADB20F1654A00EFBC0C /* Todo.swift in Sources */,
				F4D6B8432103DC15003E8478 /* NotesDetailViewController.swift in Sources */,
				F4C1090E20E8171200623095 /* AppDelegate.swift in Sources */,
				F4E18AD520F15C4400EFBC0C /* SignUpViewController.swift in Sources */,
				F4E18AD920F1634300EFBC0C /* TodosViewController.swift in Sources */,
				F4E18ADD20F165C300EFBC0C /* Task.swift in Sources */,
				F4D6B8412103DC01003E8478 /* NotesViewController.swift in Sources */,
				91A45AB02118F946005FC7C8 /* AboutViewController.swift in Sources */,
				F4C1092820E81AC900623095 /* SignInViewController.swift in Sources */,
				F4E18AE120F1677400EFBC0C /* TodosTableViewCell.swift in Sources */,
				F4D6B83F2103DBC9003E8478 /* TodoDetailViewController.swift in Sources */,
			);
			runOnlyForDeploymentPostprocessing = 0;
		};
/* End PBXSourcesBuildPhase section */

/* Begin PBXTargetDependency section */
		91A45AA22118F2D6005FC7C8 /* PBXTargetDependency */ = {
			isa = PBXTargetDependency;
			name = "SwiftyJSON iOS";
			targetProxy = 91A45AA12118F2D6005FC7C8 /* PBXContainerItemProxy */;
		};
		91A45AA72118F2DF005FC7C8 /* PBXTargetDependency */ = {
			isa = PBXTargetDependency;
			name = "Alamofire iOS";
			targetProxy = 91A45AA62118F2DF005FC7C8 /* PBXContainerItemProxy */;
		};
/* End PBXTargetDependency section */

/* Begin PBXVariantGroup section */
		F4C1091920E8171200623095 /* LaunchScreen.storyboard */ = {
			isa = PBXVariantGroup;
			children = (
				F4C1091A20E8171200623095 /* Base */,
			);
			name = LaunchScreen.storyboard;
			sourceTree = "<group>";
		};
/* End PBXVariantGroup section */

/* Begin XCBuildConfiguration section */
		F4C1091D20E8171200623095 /* Debug */ = {
			isa = XCBuildConfiguration;
			buildSettings = {
				ALWAYS_SEARCH_USER_PATHS = NO;
				CLANG_ANALYZER_NONNULL = YES;
				CLANG_ANALYZER_NUMBER_OBJECT_CONVERSION = YES_AGGRESSIVE;
				CLANG_CXX_LANGUAGE_STANDARD = "gnu++14";
				CLANG_CXX_LIBRARY = "libc++";
				CLANG_ENABLE_MODULES = YES;
				CLANG_ENABLE_OBJC_ARC = YES;
				CLANG_WARN_BLOCK_CAPTURE_AUTORELEASING = YES;
				CLANG_WARN_BOOL_CONVERSION = YES;
				CLANG_WARN_COMMA = YES;
				CLANG_WARN_CONSTANT_CONVERSION = YES;
				CLANG_WARN_DIRECT_OBJC_ISA_USAGE = YES_ERROR;
				CLANG_WARN_DOCUMENTATION_COMMENTS = YES;
				CLANG_WARN_EMPTY_BODY = YES;
				CLANG_WARN_ENUM_CONVERSION = YES;
				CLANG_WARN_INFINITE_RECURSION = YES;
				CLANG_WARN_INT_CONVERSION = YES;
				CLANG_WARN_NON_LITERAL_NULL_CONVERSION = YES;
				CLANG_WARN_OBJC_LITERAL_CONVERSION = YES;
				CLANG_WARN_OBJC_ROOT_CLASS = YES_ERROR;
				CLANG_WARN_RANGE_LOOP_ANALYSIS = YES;
				CLANG_WARN_STRICT_PROTOTYPES = YES;
				CLANG_WARN_SUSPICIOUS_MOVE = YES;
				CLANG_WARN_UNGUARDED_AVAILABILITY = YES_AGGRESSIVE;
				CLANG_WARN_UNREACHABLE_CODE = YES;
				CLANG_WARN__DUPLICATE_METHOD_MATCH = YES;
				CODE_SIGN_IDENTITY = "iPhone Developer";
				COPY_PHASE_STRIP = NO;
				DEBUG_INFORMATION_FORMAT = dwarf;
				ENABLE_STRICT_OBJC_MSGSEND = YES;
				ENABLE_TESTABILITY = YES;
				GCC_C_LANGUAGE_STANDARD = gnu11;
				GCC_DYNAMIC_NO_PIC = NO;
				GCC_NO_COMMON_BLOCKS = YES;
				GCC_OPTIMIZATION_LEVEL = 0;
				GCC_PREPROCESSOR_DEFINITIONS = (
					"DEBUG=1",
					"$(inherited)",
				);
				GCC_WARN_64_TO_32_BIT_CONVERSION = YES;
				GCC_WARN_ABOUT_RETURN_TYPE = YES_ERROR;
				GCC_WARN_UNDECLARED_SELECTOR = YES;
				GCC_WARN_UNINITIALIZED_AUTOS = YES_AGGRESSIVE;
				GCC_WARN_UNUSED_FUNCTION = YES;
				GCC_WARN_UNUSED_VARIABLE = YES;
				IPHONEOS_DEPLOYMENT_TARGET = 11.2;
				MTL_ENABLE_DEBUG_INFO = YES;
				ONLY_ACTIVE_ARCH = YES;
				SDKROOT = iphoneos;
				SWIFT_ACTIVE_COMPILATION_CONDITIONS = DEBUG;
				SWIFT_OPTIMIZATION_LEVEL = "-Onone";
			};
			name = Debug;
		};
		F4C1091E20E8171200623095 /* Release */ = {
			isa = XCBuildConfiguration;
			buildSettings = {
				ALWAYS_SEARCH_USER_PATHS = NO;
				CLANG_ANALYZER_NONNULL = YES;
				CLANG_ANALYZER_NUMBER_OBJECT_CONVERSION = YES_AGGRESSIVE;
				CLANG_CXX_LANGUAGE_STANDARD = "gnu++14";
				CLANG_CXX_LIBRARY = "libc++";
				CLANG_ENABLE_MODULES = YES;
				CLANG_ENABLE_OBJC_ARC = YES;
				CLANG_WARN_BLOCK_CAPTURE_AUTORELEASING = YES;
				CLANG_WARN_BOOL_CONVERSION = YES;
				CLANG_WARN_COMMA = YES;
				CLANG_WARN_CONSTANT_CONVERSION = YES;
				CLANG_WARN_DIRECT_OBJC_ISA_USAGE = YES_ERROR;
				CLANG_WARN_DOCUMENTATION_COMMENTS = YES;
				CLANG_WARN_EMPTY_BODY = YES;
				CLANG_WARN_ENUM_CONVERSION = YES;
				CLANG_WARN_INFINITE_RECURSION = YES;
				CLANG_WARN_INT_CONVERSION = YES;
				CLANG_WARN_NON_LITERAL_NULL_CONVERSION = YES;
				CLANG_WARN_OBJC_LITERAL_CONVERSION = YES;
				CLANG_WARN_OBJC_ROOT_CLASS = YES_ERROR;
				CLANG_WARN_RANGE_LOOP_ANALYSIS = YES;
				CLANG_WARN_STRICT_PROTOTYPES = YES;
				CLANG_WARN_SUSPICIOUS_MOVE = YES;
				CLANG_WARN_UNGUARDED_AVAILABILITY = YES_AGGRESSIVE;
				CLANG_WARN_UNREACHABLE_CODE = YES;
				CLANG_WARN__DUPLICATE_METHOD_MATCH = YES;
				CODE_SIGN_IDENTITY = "iPhone Developer";
				COPY_PHASE_STRIP = NO;
				DEBUG_INFORMATION_FORMAT = "dwarf-with-dsym";
				ENABLE_NS_ASSERTIONS = NO;
				ENABLE_STRICT_OBJC_MSGSEND = YES;
				GCC_C_LANGUAGE_STANDARD = gnu11;
				GCC_NO_COMMON_BLOCKS = YES;
				GCC_WARN_64_TO_32_BIT_CONVERSION = YES;
				GCC_WARN_ABOUT_RETURN_TYPE = YES_ERROR;
				GCC_WARN_UNDECLARED_SELECTOR = YES;
				GCC_WARN_UNINITIALIZED_AUTOS = YES_AGGRESSIVE;
				GCC_WARN_UNUSED_FUNCTION = YES;
				GCC_WARN_UNUSED_VARIABLE = YES;
				IPHONEOS_DEPLOYMENT_TARGET = 11.2;
				MTL_ENABLE_DEBUG_INFO = NO;
				SDKROOT = iphoneos;
				SWIFT_OPTIMIZATION_LEVEL = "-Owholemodule";
				VALIDATE_PRODUCT = YES;
			};
			name = Release;
		};
		F4C1092020E8171200623095 /* Debug */ = {
			isa = XCBuildConfiguration;
			buildSettings = {
				ALWAYS_EMBED_SWIFT_STANDARD_LIBRARIES = YES;
				ASSETCATALOG_COMPILER_APPICON_NAME = AppIcon;
				CODE_SIGN_STYLE = Automatic;
				DEVELOPMENT_TEAM = ED5F6DV8X9;
				INFOPLIST_FILE = MyTodoApp/Info.plist;
				IPHONEOS_DEPLOYMENT_TARGET = 11.2;
				LD_RUNPATH_SEARCH_PATHS = "$(inherited) @executable_path/Frameworks";
				PRODUCT_BUNDLE_IDENTIFIER = me.doapps.MyTodoApp;
				PRODUCT_NAME = "$(TARGET_NAME)";
				SWIFT_VERSION = 4.0;
				TARGETED_DEVICE_FAMILY = "1,2";
			};
			name = Debug;
		};
		F4C1092120E8171200623095 /* Release */ = {
			isa = XCBuildConfiguration;
			buildSettings = {
				ALWAYS_EMBED_SWIFT_STANDARD_LIBRARIES = YES;
				ASSETCATALOG_COMPILER_APPICON_NAME = AppIcon;
				CODE_SIGN_STYLE = Automatic;
				DEVELOPMENT_TEAM = ED5F6DV8X9;
				INFOPLIST_FILE = MyTodoApp/Info.plist;
				IPHONEOS_DEPLOYMENT_TARGET = 11.2;
				LD_RUNPATH_SEARCH_PATHS = "$(inherited) @executable_path/Frameworks";
				PRODUCT_BUNDLE_IDENTIFIER = me.doapps.MyTodoApp;
				PRODUCT_NAME = "$(TARGET_NAME)";
				SWIFT_VERSION = 4.0;
				TARGETED_DEVICE_FAMILY = "1,2";
			};
			name = Release;
		};
/* End XCBuildConfiguration section */

/* Begin XCConfigurationList section */
		F4C1090520E8171200623095 /* Build configuration list for PBXProject "MyTodoApp" */ = {
			isa = XCConfigurationList;
			buildConfigurations = (
				F4C1091D20E8171200623095 /* Debug */,
				F4C1091E20E8171200623095 /* Release */,
			);
			defaultConfigurationIsVisible = 0;
			defaultConfigurationName = Release;
		};
		F4C1091F20E8171200623095 /* Build configuration list for PBXNativeTarget "MyTodoApp" */ = {
			isa = XCConfigurationList;
			buildConfigurations = (
				F4C1092020E8171200623095 /* Debug */,
				F4C1092120E8171200623095 /* Release */,
			);
			defaultConfigurationIsVisible = 0;
			defaultConfigurationName = Release;
		};
/* End XCConfigurationList section */

/* Begin XCVersionGroup section */
		F4C1091420E8171200623095 /* MyTodoApp.xcdatamodeld */ = {
			isa = XCVersionGroup;
			children = (
				F4C1091520E8171200623095 /* MyTodoApp.xcdatamodel */,
			);
			currentVersion = F4C1091520E8171200623095 /* MyTodoApp.xcdatamodel */;
			path = MyTodoApp.xcdatamodeld;
			sourceTree = "<group>";
			versionGroupType = wrapper.xcdatamodel;
		};
/* End XCVersionGroup section */
	};
	rootObject = F4C1090220E8171200623095 /* Project object */;
}
