// !$*UTF8*$!
{
	archiveVersion = 1;
	classes = {
	};
	objectVersion = 48;
	objects = {

/* Begin PBXBuildFile section */
		F4C1090E20E8171200623095 /* AppDelegate.swift in Sources */ = {isa = PBXBuildFile; fileRef = F4C1090D20E8171200623095 /* AppDelegate.swift */; };
		F4C1091320E8171200623095 /* Main.storyboard in Resources */ = {isa = PBXBuildFile; fileRef = F4C1091120E8171200623095 /* Main.storyboard */; };
		F4C1091620E8171200623095 /* MyTodoApp.xcdatamodeld in Sources */ = {isa = PBXBuildFile; fileRef = F4C1091420E8171200623095 /* MyTodoApp.xcdatamodeld */; };
		F4C1091820E8171200623095 /* Assets.xcassets in Resources */ = {isa = PBXBuildFile; fileRef = F4C1091720E8171200623095 /* Assets.xcassets */; };
		F4C1091B20E8171200623095 /* LaunchScreen.storyboard in Resources */ = {isa = PBXBuildFile; fileRef = F4C1091920E8171200623095 /* LaunchScreen.storyboard */; };
		F4C1092820E81AC900623095 /* SignInViewController.swift in Sources */ = {isa = PBXBuildFile; fileRef = F4C1092720E81AC900623095 /* SignInViewController.swift */; };
		F4C1092A20E8299600623095 /* Home.storyboard in Resources */ = {isa = PBXBuildFile; fileRef = F4C1092920E8299600623095 /* Home.storyboard */; };
/* End PBXBuildFile section */

/* Begin PBXFileReference section */
		F4C1090A20E8171200623095 /* MyTodoApp.app */ = {isa = PBXFileReference; explicitFileType = wrapper.application; includeInIndex = 0; path = MyTodoApp.app; sourceTree = BUILT_PRODUCTS_DIR; };
		F4C1090D20E8171200623095 /* AppDelegate.swift */ = {isa = PBXFileReference; lastKnownFileType = sourcecode.swift; path = AppDelegate.swift; sourceTree = "<group>"; };
		F4C1091220E8171200623095 /* Base */ = {isa = PBXFileReference; lastKnownFileType = file.storyboard; name = Base; path = Base.lproj/Main.storyboard; sourceTree = "<group>"; };
		F4C1091520E8171200623095 /* MyTodoApp.xcdatamodel */ = {isa = PBXFileReference; lastKnownFileType = wrapper.xcdatamodel; path = MyTodoApp.xcdatamodel; sourceTree = "<group>"; };
		F4C1091720E8171200623095 /* Assets.xcassets */ = {isa = PBXFileReference; lastKnownFileType = folder.assetcatalog; path = Assets.xcassets; sourceTree = "<group>"; };
		F4C1091A20E8171200623095 /* Base */ = {isa = PBXFileReference; lastKnownFileType = file.storyboard; name = Base; path = Base.lproj/LaunchScreen.storyboard; sourceTree = "<group>"; };
		F4C1091C20E8171200623095 /* Info.plist */ = {isa = PBXFileReference; lastKnownFileType = text.plist.xml; path = Info.plist; sourceTree = "<group>"; };
		F4C1092720E81AC900623095 /* SignInViewController.swift */ = {isa = PBXFileReference; lastKnownFileType = sourcecode.swift; path = SignInViewController.swift; sourceTree = "<group>"; };
		F4C1092920E8299600623095 /* Home.storyboard */ = {isa = PBXFileReference; lastKnownFileType = file.storyboard; path = Home.storyboard; sourceTree = "<group>"; };
/* End PBXFileReference section */

/* Begin PBXFrameworksBuildPhase section */
		F4C1090720E8171200623095 /* Frameworks */ = {
			isa = PBXFrameworksBuildPhase;
			buildActionMask = 2147483647;
			files = (
			);
			runOnlyForDeploymentPostprocessing = 0;
		};
/* End PBXFrameworksBuildPhase section */

/* Begin PBXGroup section */
		F4C1090120E8171200623095 = {
			isa = PBXGroup;
			children = (
				F4C1090C20E8171200623095 /* MyTodoApp */,
				F4C1090B20E8171200623095 /* Products */,
			);
			sourceTree = "<group>";
		};
		F4C1090B20E8171200623095 /* Products */ = {
			isa = PBXGroup;
			children = (
				F4C1090A20E8171200623095 /* MyTodoApp.app */,
			);
			name = Products;
			sourceTree = "<group>";
		};
		F4C1090C20E8171200623095 /* MyTodoApp */ = {
			isa = PBXGroup;
			children = (
				F4C1092620E8199700623095 /* Utils */,
				F4C1092520E8199000623095 /* Models */,
				F4C1092420E8198200623095 /* Views */,
				F4C1092320E8197500623095 /* Controllers */,
				F4C1092220E8195400623095 /* Storyboard */,
				F4C1090D20E8171200623095 /* AppDelegate.swift */,
				F4C1091120E8171200623095 /* Main.storyboard */,
				F4C1091720E8171200623095 /* Assets.xcassets */,
				F4C1091920E8171200623095 /* LaunchScreen.storyboard */,
				F4C1091C20E8171200623095 /* Info.plist */,
				F4C1091420E8171200623095 /* MyTodoApp.xcdatamodeld */,
			);
			path = MyTodoApp;
			sourceTree = "<group>";
		};
		F4C1092220E8195400623095 /* Storyboard */ = {
			isa = PBXGroup;
			children = (
				F4C1092920E8299600623095 /* Home.storyboard */,
			);
			path = Storyboard;
			sourceTree = "<group>";
		};
		F4C1092320E8197500623095 /* Controllers */ = {
			isa = PBXGroup;
			children = (
				F4C1092720E81AC900623095 /* SignInViewController.swift */,
			);
			path = Controllers;
			sourceTree = "<group>";
		};
		F4C1092420E8198200623095 /* Views */ = {
			isa = PBXGroup;
			children = (
			);
			path = Views;
			sourceTree = "<group>";
		};
		F4C1092520E8199000623095 /* Models */ = {
			isa = PBXGroup;
			children = (
			);
			path = Models;
			sourceTree = "<group>";
		};
		F4C1092620E8199700623095 /* Utils */ = {
			isa = PBXGroup;
			children = (
			);
			path = Utils;
			sourceTree = "<group>";
		};
/* End PBXGroup section */

/* Begin PBXNativeTarget section */
		F4C1090920E8171200623095 /* MyTodoApp */ = {
			isa = PBXNativeTarget;
			buildConfigurationList = F4C1091F20E8171200623095 /* Build configuration list for PBXNativeTarget "MyTodoApp" */;
			buildPhases = (
				F4C1090620E8171200623095 /* Sources */,
				F4C1090720E8171200623095 /* Frameworks */,
				F4C1090820E8171200623095 /* Resources */,
			);
			buildRules = (
			);
			dependencies = (
			);
			name = MyTodoApp;
			productName = MyTodoApp;
			productReference = F4C1090A20E8171200623095 /* MyTodoApp.app */;
			productType = "com.apple.product-type.application";
		};
/* End PBXNativeTarget section */

/* Begin PBXProject section */
		F4C1090220E8171200623095 /* Project object */ = {
			isa = PBXProject;
			attributes = {
				LastSwiftUpdateCheck = 0920;
				LastUpgradeCheck = 0920;
				ORGANIZATIONNAME = Doapps;
				TargetAttributes = {
					F4C1090920E8171200623095 = {
						CreatedOnToolsVersion = 9.2;
						ProvisioningStyle = Automatic;
					};
				};
			};
			buildConfigurationList = F4C1090520E8171200623095 /* Build configuration list for PBXProject "MyTodoApp" */;
			compatibilityVersion = "Xcode 8.0";
			developmentRegion = en;
			hasScannedForEncodings = 0;
			knownRegions = (
				en,
				Base,
			);
			mainGroup = F4C1090120E8171200623095;
			productRefGroup = F4C1090B20E8171200623095 /* Products */;
			projectDirPath = "";
			projectRoot = "";
			targets = (
				F4C1090920E8171200623095 /* MyTodoApp */,
			);
		};
/* End PBXProject section */

/* Begin PBXResourcesBuildPhase section */
		F4C1090820E8171200623095 /* Resources */ = {
			isa = PBXResourcesBuildPhase;
			buildActionMask = 2147483647;
			files = (
				F4C1091B20E8171200623095 /* LaunchScreen.storyboard in Resources */,
				F4C1091820E8171200623095 /* Assets.xcassets in Resources */,
				F4C1091320E8171200623095 /* Main.storyboard in Resources */,
				F4C1092A20E8299600623095 /* Home.storyboard in Resources */,
			);
			runOnlyForDeploymentPostprocessing = 0;
		};
/* End PBXResourcesBuildPhase section */

/* Begin PBXSourcesBuildPhase section */
		F4C1090620E8171200623095 /* Sources */ = {
			isa = PBXSourcesBuildPhase;
			buildActionMask = 2147483647;
			files = (
				F4C1091620E8171200623095 /* MyTodoApp.xcdatamodeld in Sources */,
				F4C1090E20E8171200623095 /* AppDelegate.swift in Sources */,
				F4C1092820E81AC900623095 /* SignInViewController.swift in Sources */,
			);
			runOnlyForDeploymentPostprocessing = 0;
		};
/* End PBXSourcesBuildPhase section */

/* Begin PBXVariantGroup section */
		F4C1091120E8171200623095 /* Main.storyboard */ = {
			isa = PBXVariantGroup;
			children = (
				F4C1091220E8171200623095 /* Base */,
			);
			name = Main.storyboard;
			sourceTree = "<group>";
		};
		F4C1091920E8171200623095 /* LaunchScreen.storyboard */ = {
			isa = PBXVariantGroup;
			children = (
				F4C1091A20E8171200623095 /* Base */,
			);
			name = LaunchScreen.storyboard;
			sourceTree = "<group>";
		};
/* End PBXVariantGroup section */

/* Begin XCBuildConfiguration section */
		F4C1091D20E8171200623095 /* Debug */ = {
			isa = XCBuildConfiguration;
			buildSettings = {
				ALWAYS_SEARCH_USER_PATHS = NO;
				CLANG_ANALYZER_NONNULL = YES;
				CLANG_ANALYZER_NUMBER_OBJECT_CONVERSION = YES_AGGRESSIVE;
				CLANG_CXX_LANGUAGE_STANDARD = "gnu++14";
				CLANG_CXX_LIBRARY = "libc++";
				CLANG_ENABLE_MODULES = YES;
				CLANG_ENABLE_OBJC_ARC = YES;
				CLANG_WARN_BLOCK_CAPTURE_AUTORELEASING = YES;
				CLANG_WARN_BOOL_CONVERSION = YES;
				CLANG_WARN_COMMA = YES;
				CLANG_WARN_CONSTANT_CONVERSION = YES;
				CLANG_WARN_DIRECT_OBJC_ISA_USAGE = YES_ERROR;
				CLANG_WARN_DOCUMENTATION_COMMENTS = YES;
				CLANG_WARN_EMPTY_BODY = YES;
				CLANG_WARN_ENUM_CONVERSION = YES;
				CLANG_WARN_INFINITE_RECURSION = YES;
				CLANG_WARN_INT_CONVERSION = YES;
				CLANG_WARN_NON_LITERAL_NULL_CONVERSION = YES;
				CLANG_WARN_OBJC_LITERAL_CONVERSION = YES;
				CLANG_WARN_OBJC_ROOT_CLASS = YES_ERROR;
				CLANG_WARN_RANGE_LOOP_ANALYSIS = YES;
				CLANG_WARN_STRICT_PROTOTYPES = YES;
				CLANG_WARN_SUSPICIOUS_MOVE = YES;
				CLANG_WARN_UNGUARDED_AVAILABILITY = YES_AGGRESSIVE;
				CLANG_WARN_UNREACHABLE_CODE = YES;
				CLANG_WARN__DUPLICATE_METHOD_MATCH = YES;
				CODE_SIGN_IDENTITY = "iPhone Developer";
				COPY_PHASE_STRIP = NO;
				DEBUG_INFORMATION_FORMAT = dwarf;
				ENABLE_STRICT_OBJC_MSGSEND = YES;
				ENABLE_TESTABILITY = YES;
				GCC_C_LANGUAGE_STANDARD = gnu11;
				GCC_DYNAMIC_NO_PIC = NO;
				GCC_NO_COMMON_BLOCKS = YES;
				GCC_OPTIMIZATION_LEVEL = 0;
				GCC_PREPROCESSOR_DEFINITIONS = (
					"DEBUG=1",
					"$(inherited)",
				);
				GCC_WARN_64_TO_32_BIT_CONVERSION = YES;
				GCC_WARN_ABOUT_RETURN_TYPE = YES_ERROR;
				GCC_WARN_UNDECLARED_SELECTOR = YES;
				GCC_WARN_UNINITIALIZED_AUTOS = YES_AGGRESSIVE;
				GCC_WARN_UNUSED_FUNCTION = YES;
				GCC_WARN_UNUSED_VARIABLE = YES;
				IPHONEOS_DEPLOYMENT_TARGET = 11.2;
				MTL_ENABLE_DEBUG_INFO = YES;
				ONLY_ACTIVE_ARCH = YES;
				SDKROOT = iphoneos;
				SWIFT_ACTIVE_COMPILATION_CONDITIONS = DEBUG;
				SWIFT_OPTIMIZATION_LEVEL = "-Onone";
			};
			name = Debug;
		};
		F4C1091E20E8171200623095 /* Release */ = {
			isa = XCBuildConfiguration;
			buildSettings = {
				ALWAYS_SEARCH_USER_PATHS = NO;
				CLANG_ANALYZER_NONNULL = YES;
				CLANG_ANALYZER_NUMBER_OBJECT_CONVERSION = YES_AGGRESSIVE;
				CLANG_CXX_LANGUAGE_STANDARD = "gnu++14";
				CLANG_CXX_LIBRARY = "libc++";
				CLANG_ENABLE_MODULES = YES;
				CLANG_ENABLE_OBJC_ARC = YES;
				CLANG_WARN_BLOCK_CAPTURE_AUTORELEASING = YES;
				CLANG_WARN_BOOL_CONVERSION = YES;
				CLANG_WARN_COMMA = YES;
				CLANG_WARN_CONSTANT_CONVERSION = YES;
				CLANG_WARN_DIRECT_OBJC_ISA_USAGE = YES_ERROR;
				CLANG_WARN_DOCUMENTATION_COMMENTS = YES;
				CLANG_WARN_EMPTY_BODY = YES;
				CLANG_WARN_ENUM_CONVERSION = YES;
				CLANG_WARN_INFINITE_RECURSION = YES;
				CLANG_WARN_INT_CONVERSION = YES;
				CLANG_WARN_NON_LITERAL_NULL_CONVERSION = YES;
				CLANG_WARN_OBJC_LITERAL_CONVERSION = YES;
				CLANG_WARN_OBJC_ROOT_CLASS = YES_ERROR;
				CLANG_WARN_RANGE_LOOP_ANALYSIS = YES;
				CLANG_WARN_STRICT_PROTOTYPES = YES;
				CLANG_WARN_SUSPICIOUS_MOVE = YES;
				CLANG_WARN_UNGUARDED_AVAILABILITY = YES_AGGRESSIVE;
				CLANG_WARN_UNREACHABLE_CODE = YES;
				CLANG_WARN__DUPLICATE_METHOD_MATCH = YES;
				CODE_SIGN_IDENTITY = "iPhone Developer";
				COPY_PHASE_STRIP = NO;
				DEBUG_INFORMATION_FORMAT = "dwarf-with-dsym";
				ENABLE_NS_ASSERTIONS = NO;
				ENABLE_STRICT_OBJC_MSGSEND = YES;
				GCC_C_LANGUAGE_STANDARD = gnu11;
				GCC_NO_COMMON_BLOCKS = YES;
				GCC_WARN_64_TO_32_BIT_CONVERSION = YES;
				GCC_WARN_ABOUT_RETURN_TYPE = YES_ERROR;
				GCC_WARN_UNDECLARED_SELECTOR = YES;
				GCC_WARN_UNINITIALIZED_AUTOS = YES_AGGRESSIVE;
				GCC_WARN_UNUSED_FUNCTION = YES;
				GCC_WARN_UNUSED_VARIABLE = YES;
				IPHONEOS_DEPLOYMENT_TARGET = 11.2;
				MTL_ENABLE_DEBUG_INFO = NO;
				SDKROOT = iphoneos;
				SWIFT_OPTIMIZATION_LEVEL = "-Owholemodule";
				VALIDATE_PRODUCT = YES;
			};
			name = Release;
		};
		F4C1092020E8171200623095 /* Debug */ = {
			isa = XCBuildConfiguration;
			buildSettings = {
				ASSETCATALOG_COMPILER_APPICON_NAME = AppIcon;
				CODE_SIGN_STYLE = Automatic;
				DEVELOPMENT_TEAM = ED5F6DV8X9;
				INFOPLIST_FILE = MyTodoApp/Info.plist;
				IPHONEOS_DEPLOYMENT_TARGET = 11.2;
				LD_RUNPATH_SEARCH_PATHS = "$(inherited) @executable_path/Frameworks";
				PRODUCT_BUNDLE_IDENTIFIER = me.doapps.MyTodoApp;
				PRODUCT_NAME = "$(TARGET_NAME)";
				SWIFT_VERSION = 4.0;
				TARGETED_DEVICE_FAMILY = "1,2";
			};
			name = Debug;
		};
		F4C1092120E8171200623095 /* Release */ = {
			isa = XCBuildConfiguration;
			buildSettings = {
				ASSETCATALOG_COMPILER_APPICON_NAME = AppIcon;
				CODE_SIGN_STYLE = Automatic;
				DEVELOPMENT_TEAM = ED5F6DV8X9;
				INFOPLIST_FILE = MyTodoApp/Info.plist;
				IPHONEOS_DEPLOYMENT_TARGET = 11.2;
				LD_RUNPATH_SEARCH_PATHS = "$(inherited) @executable_path/Frameworks";
				PRODUCT_BUNDLE_IDENTIFIER = me.doapps.MyTodoApp;
				PRODUCT_NAME = "$(TARGET_NAME)";
				SWIFT_VERSION = 4.0;
				TARGETED_DEVICE_FAMILY = "1,2";
			};
			name = Release;
		};
/* End XCBuildConfiguration section */

/* Begin XCConfigurationList section */
		F4C1090520E8171200623095 /* Build configuration list for PBXProject "MyTodoApp" */ = {
			isa = XCConfigurationList;
			buildConfigurations = (
				F4C1091D20E8171200623095 /* Debug */,
				F4C1091E20E8171200623095 /* Release */,
			);
			defaultConfigurationIsVisible = 0;
			defaultConfigurationName = Release;
		};
		F4C1091F20E8171200623095 /* Build configuration list for PBXNativeTarget "MyTodoApp" */ = {
			isa = XCConfigurationList;
			buildConfigurations = (
				F4C1092020E8171200623095 /* Debug */,
				F4C1092120E8171200623095 /* Release */,
			);
			defaultConfigurationIsVisible = 0;
			defaultConfigurationName = Release;
		};
/* End XCConfigurationList section */

/* Begin XCVersionGroup section */
		F4C1091420E8171200623095 /* MyTodoApp.xcdatamodeld */ = {
			isa = XCVersionGroup;
			children = (
				F4C1091520E8171200623095 /* MyTodoApp.xcdatamodel */,
			);
			currentVersion = F4C1091520E8171200623095 /* MyTodoApp.xcdatamodel */;
			path = MyTodoApp.xcdatamodeld;
			sourceTree = "<group>";
			versionGroupType = wrapper.xcdatamodel;
		};
/* End XCVersionGroup section */
	};
	rootObject = F4C1090220E8171200623095 /* Project object */;
}
